Microsoft Visual Studio Solution File, Format Version 12.00
# Visual Studio Version 17
VisualStudioVersion = 17.0.31903.59
MinimumVisualStudioVersion = 10.0.40219.1
Project("{FAE04EC0-301F-11D3-BF4B-00C04F79EFBC}") = "Zommi.Core", "src\Zommi.Core\Zommi.Core.csproj", "{6DB115F0-D06A-4D3C-A1C4-A8DA5D6ABFC1}"
EndProject
Project("{FAE04EC0-301F-11D3-BF4B-00C04F79EFBC}") = "Zommi.Windows", "src\Zommi.Windows\Zommi.Windows.csproj", "{0E7D0566-3430-42D8-AF11-C2D8EF07E39B}"
EndProject
Project("{FAE04EC0-301F-11D3-BF4B-00C04F79EFBC}") = "Zommi.Hook", "src\Zommi.Hook\Zommi.Hook.csproj", "{6D36E75E-1C7A-49DC-9CC5-A7F415693B03}"
EndProject
Project("{FAE04EC0-301F-11D3-BF4B-00C04F79EFBC}") = "Zommi.Tests", "tests\Zommi.Tests\Zommi.Tests.csproj", "{9B0B65CE-8409-41DB-B739-5067B3601F39}"
EndProject
Global
	GlobalSection(SolutionConfigurationPlatforms) = preSolution
		Debug|Any CPU = Debug|Any CPU
		Release|Any CPU = Release|Any CPU
	EndGlobalSection
	GlobalSection(ProjectConfigurationPlatforms) = postSolution
		{6DB115F0-D06A-4D3C-A1C4-A8DA5D6ABFC1}.Debug|Any CPU.ActiveCfg = Debug|Any CPU
		{6DB115F0-D06A-4D3C-A1C4-A8DA5D6ABFC1}.Debug|Any CPU.Build.0 = Debug|Any CPU
		{6DB115F0-D06A-4D3C-A1C4-A8DA5D6ABFC1}.Release|Any CPU.ActiveCfg = Release|Any CPU
		{6DB115F0-D06A-4D3C-A1C4-A8DA5D6ABFC1}.Release|Any CPU.Build.0 = Release|Any CPU
		{0E7D0566-3430-42D8-AF11-C2D8EF07E39B}.Debug|Any CPU.ActiveCfg = Debug|Any CPU
		{0E7D0566-3430-42D8-AF11-C2D8EF07E39B}.Debug|Any CPU.Build.0 = Debug|Any CPU
		{0E7D0566-3430-42D8-AF11-C2D8EF07E39B}.Release|Any CPU.ActiveCfg = Release|Any CPU
		{0E7D0566-3430-42D8-AF11-C2D8EF07E39B}.Release|Any CPU.Build.0 = Release|Any CPU
		{6D36E75E-1C7A-49DC-9CC5-A7F415693B03}.Debug|Any CPU.ActiveCfg = Debug|Any CPU
		{6D36E75E-1C7A-49DC-9CC5-A7F415693B03}.Debug|Any CPU.Build.0 = Debug|Any CPU
		{6D36E75E-1C7A-49DC-9CC5-A7F415693B03}.Release|Any CPU.ActiveCfg = Release|Any CPU
		{6D36E75E-1C7A-49DC-9CC5-A7F415693B03}.Release|Any CPU.Build.0 = Release|Any CPU
		{9B0B65CE-8409-41DB-B739-5067B3601F39}.Debug|Any CPU.ActiveCfg = Debug|Any CPU
		{9B0B65CE-8409-41DB-B739-5067B3601F39}.Debug|Any CPU.Build.0 = Debug|Any CPU
		{9B0B65CE-8409-41DB-B739-5067B3601F39}.Release|Any CPU.ActiveCfg = Release|Any CPU
		{9B0B65CE-8409-41DB-B739-5067B3601F39}.Release|Any CPU.Build.0 = Release|Any CPU
	EndGlobalSection
EndGlobal
